
Microsoft Visual Studio Solution File, Format Version 12.00
# Visual Studio Version 17
VisualStudioVersion = 17.1.32210.238
MinimumVisualStudioVersion = 10.0.40219.1
Project("{FAE04EC0-301F-11D3-BF4B-00C04F79EFBC}") = "Spots_v0.1.Android", "Spots_v0.1\Spots_v0.1.Android\Spots_v0.1.Android.csproj", "{B98857F0-1B20-4AFF-8070-441409C7957A}"
EndProject
Project("{FAE04EC0-301F-11D3-BF4B-00C04F79EFBC}") = "Spots_v0.1.iOS", "Spots_v0.1\Spots_v0.1.iOS\Spots_v0.1.iOS.csproj", "{6EAA3C1E-4934-48FB-99A8-4E5C1B86E1B0}"
EndProject
Project("{FAE04EC0-301F-11D3-BF4B-00C04F79EFBC}") = "Spots_v0.1", "Spots_v0.1\Spots_v0.1\Spots_v0.1.csproj", "{C5DC62E1-699D-4E3B-87AF-E33830D5279E}"
EndProject
Global
	GlobalSection(SolutionConfigurationPlatforms) = preSolution
		Debug|Any CPU = Debug|Any CPU
		Debug|iPhone = Debug|iPhone
		Debug|iPhoneSimulator = Debug|iPhoneSimulator
		Release|Any CPU = Release|Any CPU
		Release|iPhone = Release|iPhone
		Release|iPhoneSimulator = Release|iPhoneSimulator
	EndGlobalSection
	GlobalSection(ProjectConfigurationPlatforms) = postSolution
		{B98857F0-1B20-4AFF-8070-441409C7957A}.Debug|Any CPU.ActiveCfg = Debug|Any CPU
		{B98857F0-1B20-4AFF-8070-441409C7957A}.Debug|Any CPU.Build.0 = Debug|Any CPU
		{B98857F0-1B20-4AFF-8070-441409C7957A}.Debug|Any CPU.Deploy.0 = Debug|Any CPU
		{B98857F0-1B20-4AFF-8070-441409C7957A}.Debug|iPhone.ActiveCfg = Debug|Any CPU
		{B98857F0-1B20-4AFF-8070-441409C7957A}.Debug|iPhone.Build.0 = Debug|Any CPU
		{B98857F0-1B20-4AFF-8070-441409C7957A}.Debug|iPhone.Deploy.0 = Debug|Any CPU
		{B98857F0-1B20-4AFF-8070-441409C7957A}.Debug|iPhoneSimulator.ActiveCfg = Debug|Any CPU
		{B98857F0-1B20-4AFF-8070-441409C7957A}.Debug|iPhoneSimulator.Build.0 = Debug|Any CPU
		{B98857F0-1B20-4AFF-8070-441409C7957A}.Debug|iPhoneSimulator.Deploy.0 = Debug|Any CPU
		{B98857F0-1B20-4AFF-8070-441409C7957A}.Release|Any CPU.ActiveCfg = Release|Any CPU
		{B98857F0-1B20-4AFF-8070-441409C7957A}.Release|Any CPU.Build.0 = Release|Any CPU
		{B98857F0-1B20-4AFF-8070-441409C7957A}.Release|Any CPU.Deploy.0 = Release|Any CPU
		{B98857F0-1B20-4AFF-8070-441409C7957A}.Release|iPhone.ActiveCfg = Release|Any CPU
		{B98857F0-1B20-4AFF-8070-441409C7957A}.Release|iPhone.Build.0 = Release|Any CPU
		{B98857F0-1B20-4AFF-8070-441409C7957A}.Release|iPhone.Deploy.0 = Release|Any CPU
		{B98857F0-1B20-4AFF-8070-441409C7957A}.Release|iPhoneSimulator.ActiveCfg = Release|Any CPU
		{B98857F0-1B20-4AFF-8070-441409C7957A}.Release|iPhoneSimulator.Build.0 = Release|Any CPU
		{B98857F0-1B20-4AFF-8070-441409C7957A}.Release|iPhoneSimulator.Deploy.0 = Release|Any CPU
		{6EAA3C1E-4934-48FB-99A8-4E5C1B86E1B0}.Debug|Any CPU.ActiveCfg = Debug|iPhone
		{6EAA3C1E-4934-48FB-99A8-4E5C1B86E1B0}.Debug|Any CPU.Build.0 = Debug|iPhone
		{6EAA3C1E-4934-48FB-99A8-4E5C1B86E1B0}.Debug|Any CPU.Deploy.0 = Debug|iPhone
		{6EAA3C1E-4934-48FB-99A8-4E5C1B86E1B0}.Debug|iPhone.ActiveCfg = Debug|iPhone
		{6EAA3C1E-4934-48FB-99A8-4E5C1B86E1B0}.Debug|iPhone.Build.0 = Debug|iPhone
		{6EAA3C1E-4934-48FB-99A8-4E5C1B86E1B0}.Debug|iPhone.Deploy.0 = Debug|iPhone
		{6EAA3C1E-4934-48FB-99A8-4E5C1B86E1B0}.Debug|iPhoneSimulator.ActiveCfg = Debug|iPhoneSimulator
		{6EAA3C1E-4934-48FB-99A8-4E5C1B86E1B0}.Debug|iPhoneSimulator.Build.0 = Debug|iPhoneSimulator
		{6EAA3C1E-4934-48FB-99A8-4E5C1B86E1B0}.Debug|iPhoneSimulator.Deploy.0 = Debug|iPhoneSimulator
		{6EAA3C1E-4934-48FB-99A8-4E5C1B86E1B0}.Release|Any CPU.ActiveCfg = Release|iPhoneSimulator
		{6EAA3C1E-4934-48FB-99A8-4E5C1B86E1B0}.Release|Any CPU.Build.0 = Release|iPhoneSimulator
		{6EAA3C1E-4934-48FB-99A8-4E5C1B86E1B0}.Release|Any CPU.Deploy.0 = Release|iPhoneSimulator
		{6EAA3C1E-4934-48FB-99A8-4E5C1B86E1B0}.Release|iPhone.ActiveCfg = Release|iPhone
		{6EAA3C1E-4934-48FB-99A8-4E5C1B86E1B0}.Release|iPhone.Build.0 = Release|iPhone
		{6EAA3C1E-4934-48FB-99A8-4E5C1B86E1B0}.Release|iPhone.Deploy.0 = Release|iPhone
		{6EAA3C1E-4934-48FB-99A8-4E5C1B86E1B0}.Release|iPhoneSimulator.ActiveCfg = Release|iPhoneSimulator
		{6EAA3C1E-4934-48FB-99A8-4E5C1B86E1B0}.Release|iPhoneSimulator.Build.0 = Release|iPhoneSimulator
		{6EAA3C1E-4934-48FB-99A8-4E5C1B86E1B0}.Release|iPhoneSimulator.Deploy.0 = Release|iPhoneSimulator
		{C5DC62E1-699D-4E3B-87AF-E33830D5279E}.Debug|Any CPU.ActiveCfg = Debug|Any CPU
		{C5DC62E1-699D-4E3B-87AF-E33830D5279E}.Debug|Any CPU.Build.0 = Debug|Any CPU
		{C5DC62E1-699D-4E3B-87AF-E33830D5279E}.Debug|Any CPU.Deploy.0 = Debug|Any CPU
		{C5DC62E1-699D-4E3B-87AF-E33830D5279E}.Debug|iPhone.ActiveCfg = Debug|Any CPU
		{C5DC62E1-699D-4E3B-87AF-E33830D5279E}.Debug|iPhone.Build.0 = Debug|Any CPU
		{C5DC62E1-699D-4E3B-87AF-E33830D5279E}.Debug|iPhone.Deploy.0 = Debug|Any CPU
		{C5DC62E1-699D-4E3B-87AF-E33830D5279E}.Debug|iPhoneSimulator.ActiveCfg = Debug|Any CPU
		{C5DC62E1-699D-4E3B-87AF-E33830D5279E}.Debug|iPhoneSimulator.Build.0 = Debug|Any CPU
		{C5DC62E1-699D-4E3B-87AF-E33830D5279E}.Debug|iPhoneSimulator.Deploy.0 = Debug|Any CPU
		{C5DC62E1-699D-4E3B-87AF-E33830D5279E}.Release|Any CPU.ActiveCfg = Release|Any CPU
		{C5DC62E1-699D-4E3B-87AF-E33830D5279E}.Release|Any CPU.Build.0 = Release|Any CPU
		{C5DC62E1-699D-4E3B-87AF-E33830D5279E}.Release|Any CPU.Deploy.0 = Release|Any CPU
		{C5DC62E1-699D-4E3B-87AF-E33830D5279E}.Release|iPhone.ActiveCfg = Release|Any CPU
		{C5DC62E1-699D-4E3B-87AF-E33830D5279E}.Release|iPhone.Build.0 = Release|Any CPU
		{C5DC62E1-699D-4E3B-87AF-E33830D5279E}.Release|iPhone.Deploy.0 = Release|Any CPU
		{C5DC62E1-699D-4E3B-87AF-E33830D5279E}.Release|iPhoneSimulator.ActiveCfg = Release|Any CPU
		{C5DC62E1-699D-4E3B-87AF-E33830D5279E}.Release|iPhoneSimulator.Build.0 = Release|Any CPU
		{C5DC62E1-699D-4E3B-87AF-E33830D5279E}.Release|iPhoneSimulator.Deploy.0 = Release|Any CPU
	EndGlobalSection
	GlobalSection(SolutionProperties) = preSolution
		HideSolutionNode = FALSE
	EndGlobalSection
	GlobalSection(ExtensibilityGlobals) = postSolution
		SolutionGuid = {23ECC474-21A7-4A43-A8BB-B0AB8E69EE18}
	EndGlobalSection
EndGlobal
